// !$*UTF8*$!
{
	archiveVersion = 1;
	classes = {
	};
	objectVersion = 56;
	objects = {

/* Begin PBXBuildFile section */
		DBC78BCB2BEB530E00FC235B /* iQuizApp.swift in Sources */ = {isa = PBXBuildFile; fileRef = DBC78BCA2BEB530E00FC235B /* iQuizApp.swift */; };
		DBC78BCD2BEB530E00FC235B /* ContentView.swift in Sources */ = {isa = PBXBuildFile; fileRef = DBC78BCC2BEB530E00FC235B /* ContentView.swift */; };
		DBC78BCF2BEB531100FC235B /* Assets.xcassets in Resources */ = {isa = PBXBuildFile; fileRef = DBC78BCE2BEB531100FC235B /* Assets.xcassets */; };
		DBC78BD22BEB531100FC235B /* Preview Assets.xcassets in Resources */ = {isa = PBXBuildFile; fileRef = DBC78BD12BEB531100FC235B /* Preview Assets.xcassets */; };
		DBC78BD92BEDAD2B00FC235B /* LaunchScreen.storyboard in Resources */ = {isa = PBXBuildFile; fileRef = DBC78BD82BEDAD2B00FC235B /* LaunchScreen.storyboard */; };
		DBC78BDB2BEDB7C600FC235B /* Settings.swift in Sources */ = {isa = PBXBuildFile; fileRef = DBC78BDA2BEDB7C600FC235B /* Settings.swift */; };
		DBC78BDD2BEDB90400FC235B /* Category.swift in Sources */ = {isa = PBXBuildFile; fileRef = DBC78BDC2BEDB90400FC235B /* Category.swift */; };
		DBC78BE02BEDBBF500FC235B /* QuizScreen.swift in Sources */ = {isa = PBXBuildFile; fileRef = DBC78BDF2BEDBBF500FC235B /* QuizScreen.swift */; };
		DBFC30F62BF2B835004F9A86 /* Question.swift in Sources */ = {isa = PBXBuildFile; fileRef = DBFC30F52BF2B835004F9A86 /* Question.swift */; };
/* End PBXBuildFile section */

/* Begin PBXFileReference section */
		DBC78BC72BEB530E00FC235B /* iQuiz.app */ = {isa = PBXFileReference; explicitFileType = wrapper.application; includeInIndex = 0; path = iQuiz.app; sourceTree = BUILT_PRODUCTS_DIR; };
		DBC78BCA2BEB530E00FC235B /* iQuizApp.swift */ = {isa = PBXFileReference; lastKnownFileType = sourcecode.swift; path = iQuizApp.swift; sourceTree = "<group>"; };
		DBC78BCC2BEB530E00FC235B /* ContentView.swift */ = {isa = PBXFileReference; lastKnownFileType = sourcecode.swift; path = ContentView.swift; sourceTree = "<group>"; };
		DBC78BCE2BEB531100FC235B /* Assets.xcassets */ = {isa = PBXFileReference; lastKnownFileType = folder.assetcatalog; path = Assets.xcassets; sourceTree = "<group>"; };
		DBC78BD12BEB531100FC235B /* Preview Assets.xcassets */ = {isa = PBXFileReference; lastKnownFileType = folder.assetcatalog; path = "Preview Assets.xcassets"; sourceTree = "<group>"; };
		DBC78BD82BEDAD2B00FC235B /* LaunchScreen.storyboard */ = {isa = PBXFileReference; lastKnownFileType = file.storyboard; path = LaunchScreen.storyboard; sourceTree = "<group>"; };
		DBC78BDA2BEDB7C600FC235B /* Settings.swift */ = {isa = PBXFileReference; lastKnownFileType = sourcecode.swift; path = Settings.swift; sourceTree = "<group>"; };
		DBC78BDC2BEDB90400FC235B /* Category.swift */ = {isa = PBXFileReference; lastKnownFileType = sourcecode.swift; path = Category.swift; sourceTree = "<group>"; };
		DBC78BDF2BEDBBF500FC235B /* QuizScreen.swift */ = {isa = PBXFileReference; lastKnownFileType = sourcecode.swift; path = QuizScreen.swift; sourceTree = "<group>"; };
		DBFC30F52BF2B835004F9A86 /* Question.swift */ = {isa = PBXFileReference; lastKnownFileType = sourcecode.swift; path = Question.swift; sourceTree = "<group>"; };
		DBFC30F92BF2C57F004F9A86 /* Info.plist */ = {isa = PBXFileReference; lastKnownFileType = text.plist; path = Info.plist; sourceTree = "<group>"; };
/* End PBXFileReference section */

/* Begin PBXFrameworksBuildPhase section */
		DBC78BC42BEB530E00FC235B /* Frameworks */ = {
			isa = PBXFrameworksBuildPhase;
			buildActionMask = 2147483647;
			files = (
			);
			runOnlyForDeploymentPostprocessing = 0;
		};
/* End PBXFrameworksBuildPhase section */

/* Begin PBXGroup section */
		DBC78BBE2BEB530E00FC235B = {
			isa = PBXGroup;
			children = (
				DBC78BC92BEB530E00FC235B /* iQuiz */,
				DBC78BC82BEB530E00FC235B /* Products */,
			);
			sourceTree = "<group>";
		};
		DBC78BC82BEB530E00FC235B /* Products */ = {
			isa = PBXGroup;
			children = (
				DBC78BC72BEB530E00FC235B /* iQuiz.app */,
			);
			name = Products;
			sourceTree = "<group>";
		};
		DBC78BC92BEB530E00FC235B /* iQuiz */ = {
			isa = PBXGroup;
			children = (
				DBFC30F92BF2C57F004F9A86 /* Info.plist */,
				DBC78BDE2BEDB94300FC235B /* Structs */,
				DBC78BCA2BEB530E00FC235B /* iQuizApp.swift */,
				DBC78BCC2BEB530E00FC235B /* ContentView.swift */,
				DBC78BCE2BEB531100FC235B /* Assets.xcassets */,
				DBC78BD02BEB531100FC235B /* Preview Content */,
				DBC78BD82BEDAD2B00FC235B /* LaunchScreen.storyboard */,
				DBC78BDA2BEDB7C600FC235B /* Settings.swift */,
				DBC78BDF2BEDBBF500FC235B /* QuizScreen.swift */,
			);
			path = iQuiz;
			sourceTree = "<group>";
		};
		DBC78BD02BEB531100FC235B /* Preview Content */ = {
			isa = PBXGroup;
			children = (
				DBC78BD12BEB531100FC235B /* Preview Assets.xcassets */,
			);
			path = "Preview Content";
			sourceTree = "<group>";
		};
		DBC78BDE2BEDB94300FC235B /* Structs */ = {
			isa = PBXGroup;
			children = (
				DBC78BDC2BEDB90400FC235B /* Category.swift */,
				DBFC30F52BF2B835004F9A86 /* Question.swift */,
			);
			path = Structs;
			sourceTree = "<group>";
		};
/* End PBXGroup section */

/* Begin PBXNativeTarget section */
		DBC78BC62BEB530E00FC235B /* iQuiz */ = {
			isa = PBXNativeTarget;
			buildConfigurationList = DBC78BD52BEB531100FC235B /* Build configuration list for PBXNativeTarget "iQuiz" */;
			buildPhases = (
				DBC78BC32BEB530E00FC235B /* Sources */,
				DBC78BC42BEB530E00FC235B /* Frameworks */,
				DBC78BC52BEB530E00FC235B /* Resources */,
			);
			buildRules = (
			);
			dependencies = (
			);
			name = iQuiz;
			productName = iQuiz;
			productReference = DBC78BC72BEB530E00FC235B /* iQuiz.app */;
			productType = "com.apple.product-type.application";
		};
/* End PBXNativeTarget section */

/* Begin PBXProject section */
		DBC78BBF2BEB530E00FC235B /* Project object */ = {
			isa = PBXProject;
			attributes = {
				BuildIndependentTargetsInParallel = 1;
				LastSwiftUpdateCheck = 1530;
				LastUpgradeCheck = 1530;
				TargetAttributes = {
					DBC78BC62BEB530E00FC235B = {
						CreatedOnToolsVersion = 15.3;
					};
				};
			};
			buildConfigurationList = DBC78BC22BEB530E00FC235B /* Build configuration list for PBXProject "iQuiz" */;
			compatibilityVersion = "Xcode 14.0";
			developmentRegion = en;
			hasScannedForEncodings = 0;
			knownRegions = (
				en,
				Base,
			);
			mainGroup = DBC78BBE2BEB530E00FC235B;
			productRefGroup = DBC78BC82BEB530E00FC235B /* Products */;
			projectDirPath = "";
			projectRoot = "";
			targets = (
				DBC78BC62BEB530E00FC235B /* iQuiz */,
			);
		};
/* End PBXProject section */

/* Begin PBXResourcesBuildPhase section */
		DBC78BC52BEB530E00FC235B /* Resources */ = {
			isa = PBXResourcesBuildPhase;
			buildActionMask = 2147483647;
			files = (
				DBC78BD92BEDAD2B00FC235B /* LaunchScreen.storyboard in Resources */,
				DBC78BD22BEB531100FC235B /* Preview Assets.xcassets in Resources */,
				DBC78BCF2BEB531100FC235B /* Assets.xcassets in Resources */,
			);
			runOnlyForDeploymentPostprocessing = 0;
		};
/* End PBXResourcesBuildPhase section */

/* Begin PBXSourcesBuildPhase section */
		DBC78BC32BEB530E00FC235B /* Sources */ = {
			isa = PBXSourcesBuildPhase;
			buildActionMask = 2147483647;
			files = (
				DBC78BDB2BEDB7C600FC235B /* Settings.swift in Sources */,
				DBC78BCD2BEB530E00FC235B /* ContentView.swift in Sources */,
				DBC78BCB2BEB530E00FC235B /* iQuizApp.swift in Sources */,
				DBC78BDD2BEDB90400FC235B /* Category.swift in Sources */,
				DBFC30F62BF2B835004F9A86 /* Question.swift in Sources */,
				DBC78BE02BEDBBF500FC235B /* QuizScreen.swift in Sources */,
			);
			runOnlyForDeploymentPostprocessing = 0;
		};
/* End PBXSourcesBuildPhase section */

/* Begin XCBuildConfiguration section */
		DBC78BD32BEB531100FC235B /* Debug */ = {
			isa = XCBuildConfiguration;
			buildSettings = {
				ALWAYS_SEARCH_USER_PATHS = NO;
				ASSETCATALOG_COMPILER_GENERATE_SWIFT_ASSET_SYMBOL_EXTENSIONS = YES;
				CLANG_ANALYZER_NONNULL = YES;
				CLANG_ANALYZER_NUMBER_OBJECT_CONVERSION = YES_AGGRESSIVE;
				CLANG_CXX_LANGUAGE_STANDARD = "gnu++20";
				CLANG_ENABLE_MODULES = YES;
				CLANG_ENABLE_OBJC_ARC = YES;
				CLANG_ENABLE_OBJC_WEAK = YES;
				CLANG_WARN_BLOCK_CAPTURE_AUTORELEASING = YES;
				CLANG_WARN_BOOL_CONVERSION = YES;
				CLANG_WARN_COMMA = YES;
				CLANG_WARN_CONSTANT_CONVERSION = YES;
				CLANG_WARN_DEPRECATED_OBJC_IMPLEMENTATIONS = YES;
				CLANG_WARN_DIRECT_OBJC_ISA_USAGE = YES_ERROR;
				CLANG_WARN_DOCUMENTATION_COMMENTS = YES;
				CLANG_WARN_EMPTY_BODY = YES;
				CLANG_WARN_ENUM_CONVERSION = YES;
				CLANG_WARN_INFINITE_RECURSION = YES;
				CLANG_WARN_INT_CONVERSION = YES;
				CLANG_WARN_NON_LITERAL_NULL_CONVERSION = YES;
				CLANG_WARN_OBJC_IMPLICIT_RETAIN_SELF = YES;
				CLANG_WARN_OBJC_LITERAL_CONVERSION = YES;
				CLANG_WARN_OBJC_ROOT_CLASS = YES_ERROR;
				CLANG_WARN_QUOTED_INCLUDE_IN_FRAMEWORK_HEADER = YES;
				CLANG_WARN_RANGE_LOOP_ANALYSIS = YES;
				CLANG_WARN_STRICT_PROTOTYPES = YES;
				CLANG_WARN_SUSPICIOUS_MOVE = YES;
				CLANG_WARN_UNGUARDED_AVAILABILITY = YES_AGGRESSIVE;
				CLANG_WARN_UNREACHABLE_CODE = YES;
				CLANG_WARN__DUPLICATE_METHOD_MATCH = YES;
				COPY_PHASE_STRIP = NO;
				DEBUG_INFORMATION_FORMAT = dwarf;
				ENABLE_STRICT_OBJC_MSGSEND = YES;
				ENABLE_TESTABILITY = YES;
				ENABLE_USER_SCRIPT_SANDBOXING = YES;
				GCC_C_LANGUAGE_STANDARD = gnu17;
				GCC_DYNAMIC_NO_PIC = NO;
				GCC_NO_COMMON_BLOCKS = YES;
				GCC_OPTIMIZATION_LEVEL = 0;
				GCC_PREPROCESSOR_DEFINITIONS = (
					"DEBUG=1",
					"$(inherited)",
				);
				GCC_WARN_64_TO_32_BIT_CONVERSION = YES;
				GCC_WARN_ABOUT_RETURN_TYPE = YES_ERROR;
				GCC_WARN_UNDECLARED_SELECTOR = YES;
				GCC_WARN_UNINITIALIZED_AUTOS = YES_AGGRESSIVE;
				GCC_WARN_UNUSED_FUNCTION = YES;
				GCC_WARN_UNUSED_VARIABLE = YES;
				IPHONEOS_DEPLOYMENT_TARGET = 17.4;
				LOCALIZATION_PREFERS_STRING_CATALOGS = YES;
				MTL_ENABLE_DEBUG_INFO = INCLUDE_SOURCE;
				MTL_FAST_MATH = YES;
				ONLY_ACTIVE_ARCH = YES;
				SDKROOT = iphoneos;
				SWIFT_ACTIVE_COMPILATION_CONDITIONS = "DEBUG $(inherited)";
				SWIFT_OPTIMIZATION_LEVEL = "-Onone";
			};
			name = Debug;
		};
		DBC78BD42BEB531100FC235B /* Release */ = {
			isa = XCBuildConfiguration;
			buildSettings = {
				ALWAYS_SEARCH_USER_PATHS = NO;
				ASSETCATALOG_COMPILER_GENERATE_SWIFT_ASSET_SYMBOL_EXTENSIONS = YES;
				CLANG_ANALYZER_NONNULL = YES;
				CLANG_ANALYZER_NUMBER_OBJECT_CONVERSION = YES_AGGRESSIVE;
				CLANG_CXX_LANGUAGE_STANDARD = "gnu++20";
				CLANG_ENABLE_MODULES = YES;
				CLANG_ENABLE_OBJC_ARC = YES;
				CLANG_ENABLE_OBJC_WEAK = YES;
				CLANG_WARN_BLOCK_CAPTURE_AUTORELEASING = YES;
				CLANG_WARN_BOOL_CONVERSION = YES;
				CLANG_WARN_COMMA = YES;
				CLANG_WARN_CONSTANT_CONVERSION = YES;
				CLANG_WARN_DEPRECATED_OBJC_IMPLEMENTATIONS = YES;
				CLANG_WARN_DIRECT_OBJC_ISA_USAGE = YES_ERROR;
				CLANG_WARN_DOCUMENTATION_COMMENTS = YES;
				CLANG_WARN_EMPTY_BODY = YES;
				CLANG_WARN_ENUM_CONVERSION = YES;
				CLANG_WARN_INFINITE_RECURSION = YES;
				CLANG_WARN_INT_CONVERSION = YES;
				CLANG_WARN_NON_LITERAL_NULL_CONVERSION = YES;
				CLANG_WARN_OBJC_IMPLICIT_RETAIN_SELF = YES;
				CLANG_WARN_OBJC_LITERAL_CONVERSION = YES;
				CLANG_WARN_OBJC_ROOT_CLASS = YES_ERROR;
				CLANG_WARN_QUOTED_INCLUDE_IN_FRAMEWORK_HEADER = YES;
				CLANG_WARN_RANGE_LOOP_ANALYSIS = YES;
				CLANG_WARN_STRICT_PROTOTYPES = YES;
				CLANG_WARN_SUSPICIOUS_MOVE = YES;
				CLANG_WARN_UNGUARDED_AVAILABILITY = YES_AGGRESSIVE;
				CLANG_WARN_UNREACHABLE_CODE = YES;
				CLANG_WARN__DUPLICATE_METHOD_MATCH = YES;
				COPY_PHASE_STRIP = NO;
				DEBUG_INFORMATION_FORMAT = "dwarf-with-dsym";
				ENABLE_NS_ASSERTIONS = NO;
				ENABLE_STRICT_OBJC_MSGSEND = YES;
				ENABLE_USER_SCRIPT_SANDBOXING = YES;
				GCC_C_LANGUAGE_STANDARD = gnu17;
				GCC_NO_COMMON_BLOCKS = YES;
				GCC_WARN_64_TO_32_BIT_CONVERSION = YES;
				GCC_WARN_ABOUT_RETURN_TYPE = YES_ERROR;
				GCC_WARN_UNDECLARED_SELECTOR = YES;
				GCC_WARN_UNINITIALIZED_AUTOS = YES_AGGRESSIVE;
				GCC_WARN_UNUSED_FUNCTION = YES;
				GCC_WARN_UNUSED_VARIABLE = YES;
				IPHONEOS_DEPLOYMENT_TARGET = 17.4;
				LOCALIZATION_PREFERS_STRING_CATALOGS = YES;
				MTL_ENABLE_DEBUG_INFO = NO;
				MTL_FAST_MATH = YES;
				SDKROOT = iphoneos;
				SWIFT_COMPILATION_MODE = wholemodule;
				VALIDATE_PRODUCT = YES;
			};
			name = Release;
		};
		DBC78BD62BEB531100FC235B /* Debug */ = {
			isa = XCBuildConfiguration;
			buildSettings = {
				ASSETCATALOG_COMPILER_APPICON_NAME = AppIcon;
				ASSETCATALOG_COMPILER_GLOBAL_ACCENT_COLOR_NAME = AccentColor;
				CODE_SIGN_STYLE = Automatic;
				CURRENT_PROJECT_VERSION = 1;
				DEVELOPMENT_ASSET_PATHS = "\"iQuiz/Preview Content\"";
				DEVELOPMENT_TEAM = FV8X8GGK72;
				ENABLE_PREVIEWS = YES;
				GENERATE_INFOPLIST_FILE = YES;
				INFOPLIST_FILE = iQuiz/Info.plist;
				INFOPLIST_KEY_UIApplicationSceneManifest_Generation = YES;
				INFOPLIST_KEY_UIApplicationSupportsIndirectInputEvents = YES;
				INFOPLIST_KEY_UILaunchScreen_Generation = YES;
				INFOPLIST_KEY_UISupportedInterfaceOrientations_iPad = "UIInterfaceOrientationPortrait UIInterfaceOrientationPortraitUpsideDown UIInterfaceOrientationLandscapeLeft UIInterfaceOrientationLandscapeRight";
				INFOPLIST_KEY_UISupportedInterfaceOrientations_iPhone = "UIInterfaceOrientationPortrait UIInterfaceOrientationLandscapeLeft UIInterfaceOrientationLandscapeRight";
				LD_RUNPATH_SEARCH_PATHS = (
					"$(inherited)",
					"@executable_path/Frameworks",
				);
				MARKETING_VERSION = 1.0;
				PRODUCT_BUNDLE_IDENTIFIER = edu.uw.ischool.shiina12.iQuiz;
				PRODUCT_NAME = "$(TARGET_NAME)";
				SWIFT_EMIT_LOC_STRINGS = YES;
				SWIFT_VERSION = 5.0;
				TARGETED_DEVICE_FAMILY = "1,2";
			};
			name = Debug;
		};
		DBC78BD72BEB531100FC235B /* Release */ = {
			isa = XCBuildConfiguration;
			buildSettings = {
				ASSETCATALOG_COMPILER_APPICON_NAME = AppIcon;
				ASSETCATALOG_COMPILER_GLOBAL_ACCENT_COLOR_NAME = AccentColor;
				CODE_SIGN_STYLE = Automatic;
				CURRENT_PROJECT_VERSION = 1;
				DEVELOPMENT_ASSET_PATHS = "\"iQuiz/Preview Content\"";
				DEVELOPMENT_TEAM = FV8X8GGK72;
				ENABLE_PREVIEWS = YES;
				GENERATE_INFOPLIST_FILE = YES;
				INFOPLIST_FILE = iQuiz/Info.plist;
				INFOPLIST_KEY_UIApplicationSceneManifest_Generation = YES;
				INFOPLIST_KEY_UIApplicationSupportsIndirectInputEvents = YES;
				INFOPLIST_KEY_UILaunchScreen_Generation = YES;
				INFOPLIST_KEY_UISupportedInterfaceOrientations_iPad = "UIInterfaceOrientationPortrait UIInterfaceOrientationPortraitUpsideDown UIInterfaceOrientationLandscapeLeft UIInterfaceOrientationLandscapeRight";
				INFOPLIST_KEY_UISupportedInterfaceOrientations_iPhone = "UIInterfaceOrientationPortrait UIInterfaceOrientationLandscapeLeft UIInterfaceOrientationLandscapeRight";
				LD_RUNPATH_SEARCH_PATHS = (
					"$(inherited)",
					"@executable_path/Frameworks",
				);
				MARKETING_VERSION = 1.0;
				PRODUCT_BUNDLE_IDENTIFIER = edu.uw.ischool.shiina12.iQuiz;
				PRODUCT_NAME = "$(TARGET_NAME)";
				SWIFT_EMIT_LOC_STRINGS = YES;
				SWIFT_VERSION = 5.0;
				TARGETED_DEVICE_FAMILY = "1,2";
			};
			name = Release;
		};
/* End XCBuildConfiguration section */

/* Begin XCConfigurationList section */
		DBC78BC22BEB530E00FC235B /* Build configuration list for PBXProject "iQuiz" */ = {
			isa = XCConfigurationList;
			buildConfigurations = (
				DBC78BD32BEB531100FC235B /* Debug */,
				DBC78BD42BEB531100FC235B /* Release */,
			);
			defaultConfigurationIsVisible = 0;
			defaultConfigurationName = Release;
		};
		DBC78BD52BEB531100FC235B /* Build configuration list for PBXNativeTarget "iQuiz" */ = {
			isa = XCConfigurationList;
			buildConfigurations = (
				DBC78BD62BEB531100FC235B /* Debug */,
				DBC78BD72BEB531100FC235B /* Release */,
			);
			defaultConfigurationIsVisible = 0;
			defaultConfigurationName = Release;
		};
/* End XCConfigurationList section */
	};
	rootObject = DBC78BBF2BEB530E00FC235B /* Project object */;
}
